
Microsoft Visual Studio Solution File, Format Version 12.00
# Visual Studio Version 17
VisualStudioVersion = 17.2.32616.157
MinimumVisualStudioVersion = 10.0.40219.1
Project("{9A19103F-16F7-4668-BE54-9A1E7A4F7556}") = "ADP.Api", "ADP.Api\ADP.Api.csproj", "{99005BA2-E056-446B-96A3-BD2503AC5415}"
EndProject
Project("{9A19103F-16F7-4668-BE54-9A1E7A4F7556}") = "ADP.Test", "ADP.Test\ADP.Test.csproj", "{3C541DA8-3B76-455B-8886-5E37862B0BF9}"
EndProject
Project("{9A19103F-16F7-4668-BE54-9A1E7A4F7556}") = "ADP.Lib", "ADP.Lib\ADP.Lib.csproj", "{F555B974-C881-462B-9C8E-669D3B44272A}"
EndProject
Project("{9A19103F-16F7-4668-BE54-9A1E7A4F7556}") = "ADP.Model", "ADP.Model\ADP.Model.csproj", "{6709B13C-8AFE-4A1A-9611-EB7D5D02B749}"
EndProject
Global
	GlobalSection(SolutionConfigurationPlatforms) = preSolution
		Debug|Any CPU = Debug|Any CPU
		Release|Any CPU = Release|Any CPU
	EndGlobalSection
	GlobalSection(ProjectConfigurationPlatforms) = postSolution
		{99005BA2-E056-446B-96A3-BD2503AC5415}.Debug|Any CPU.ActiveCfg = Debug|Any CPU
		{99005BA2-E056-446B-96A3-BD2503AC5415}.Debug|Any CPU.Build.0 = Debug|Any CPU
		{99005BA2-E056-446B-96A3-BD2503AC5415}.Release|Any CPU.ActiveCfg = Release|Any CPU
		{99005BA2-E056-446B-96A3-BD2503AC5415}.Release|Any CPU.Build.0 = Release|Any CPU
		{3C541DA8-3B76-455B-8886-5E37862B0BF9}.Debug|Any CPU.ActiveCfg = Debug|Any CPU
		{3C541DA8-3B76-455B-8886-5E37862B0BF9}.Debug|Any CPU.Build.0 = Debug|Any CPU
		{3C541DA8-3B76-455B-8886-5E37862B0BF9}.Release|Any CPU.ActiveCfg = Release|Any CPU
		{3C541DA8-3B76-455B-8886-5E37862B0BF9}.Release|Any CPU.Build.0 = Release|Any CPU
		{F555B974-C881-462B-9C8E-669D3B44272A}.Debug|Any CPU.ActiveCfg = Debug|Any CPU
		{F555B974-C881-462B-9C8E-669D3B44272A}.Debug|Any CPU.Build.0 = Debug|Any CPU
		{F555B974-C881-462B-9C8E-669D3B44272A}.Release|Any CPU.ActiveCfg = Release|Any CPU
		{F555B974-C881-462B-9C8E-669D3B44272A}.Release|Any CPU.Build.0 = Release|Any CPU
		{6709B13C-8AFE-4A1A-9611-EB7D5D02B749}.Debug|Any CPU.ActiveCfg = Debug|Any CPU
		{6709B13C-8AFE-4A1A-9611-EB7D5D02B749}.Debug|Any CPU.Build.0 = Debug|Any CPU
		{6709B13C-8AFE-4A1A-9611-EB7D5D02B749}.Release|Any CPU.ActiveCfg = Release|Any CPU
		{6709B13C-8AFE-4A1A-9611-EB7D5D02B749}.Release|Any CPU.Build.0 = Release|Any CPU
	EndGlobalSection
	GlobalSection(SolutionProperties) = preSolution
		HideSolutionNode = FALSE
	EndGlobalSection
	GlobalSection(ExtensibilityGlobals) = postSolution
		SolutionGuid = {82F5E81C-DAEA-44D6-AF7B-1A1EC4330E1B}
	EndGlobalSection
EndGlobal
